
Microsoft Visual Studio Solution File, Format Version 12.00
# Visual Studio 15
Project("{FAE04EC0-301F-11D3-BF4B-00C04F79EFBC}") = "computergrafik", "Assembly-CSharp.csproj", "{CE118407-93D3-1A79-0669-37831BD3BA06}"
EndProject
Project("{FAE04EC0-301F-11D3-BF4B-00C04F79EFBC}") = "computergrafik", "Assembly-CSharp-firstpass.csproj", "{F85A823A-D6AD-95C3-2EA2-53C63A9BE89F}"
EndProject
Project("{FAE04EC0-301F-11D3-BF4B-00C04F79EFBC}") = "computergrafik", "NavMeshComponents.csproj", "{FFFE6C56-4B80-DB13-2E43-A398C4498FB1}"
EndProject
Project("{FAE04EC0-301F-11D3-BF4B-00C04F79EFBC}") = "computergrafik", "NavMeshComponentsPlaymodeTests.csproj", "{EFAE8B60-30FA-753E-2D7A-24AFF6AE384A}"
EndProject
Project("{FAE04EC0-301F-11D3-BF4B-00C04F79EFBC}") = "computergrafik", "Assembly-CSharp-Editor-firstpass.csproj", "{F35A7A7D-1996-817D-ABBA-77E26FC672A4}"
EndProject
Project("{FAE04EC0-301F-11D3-BF4B-00C04F79EFBC}") = "computergrafik", "NavMeshComponentsEditor.csproj", "{916FD521-17A9-EAA6-06F9-C7831AD1AF9E}"
EndProject
Project("{FAE04EC0-301F-11D3-BF4B-00C04F79EFBC}") = "computergrafik", "Assembly-CSharp-Editor.csproj", "{C7440B01-72F3-8330-FACA-205A8103B55F}"
EndProject
Global
	GlobalSection(SolutionConfigurationPlatforms) = preSolution
		Debug|Any CPU = Debug|Any CPU
		Release|Any CPU = Release|Any CPU
	EndGlobalSection
	GlobalSection(ProjectConfigurationPlatforms) = postSolution
		{CE118407-93D3-1A79-0669-37831BD3BA06}.Debug|Any CPU.ActiveCfg = Debug|Any CPU
		{CE118407-93D3-1A79-0669-37831BD3BA06}.Debug|Any CPU.Build.0 = Debug|Any CPU
		{CE118407-93D3-1A79-0669-37831BD3BA06}.Release|Any CPU.ActiveCfg = Release|Any CPU
		{CE118407-93D3-1A79-0669-37831BD3BA06}.Release|Any CPU.Build.0 = Release|Any CPU
		{F85A823A-D6AD-95C3-2EA2-53C63A9BE89F}.Debug|Any CPU.ActiveCfg = Debug|Any CPU
		{F85A823A-D6AD-95C3-2EA2-53C63A9BE89F}.Debug|Any CPU.Build.0 = Debug|Any CPU
		{F85A823A-D6AD-95C3-2EA2-53C63A9BE89F}.Release|Any CPU.ActiveCfg = Release|Any CPU
		{F85A823A-D6AD-95C3-2EA2-53C63A9BE89F}.Release|Any CPU.Build.0 = Release|Any CPU
		{FFFE6C56-4B80-DB13-2E43-A398C4498FB1}.Debug|Any CPU.ActiveCfg = Debug|Any CPU
		{FFFE6C56-4B80-DB13-2E43-A398C4498FB1}.Debug|Any CPU.Build.0 = Debug|Any CPU
		{FFFE6C56-4B80-DB13-2E43-A398C4498FB1}.Release|Any CPU.ActiveCfg = Release|Any CPU
		{FFFE6C56-4B80-DB13-2E43-A398C4498FB1}.Release|Any CPU.Build.0 = Release|Any CPU
		{EFAE8B60-30FA-753E-2D7A-24AFF6AE384A}.Debug|Any CPU.ActiveCfg = Debug|Any CPU
		{EFAE8B60-30FA-753E-2D7A-24AFF6AE384A}.Debug|Any CPU.Build.0 = Debug|Any CPU
		{EFAE8B60-30FA-753E-2D7A-24AFF6AE384A}.Release|Any CPU.ActiveCfg = Release|Any CPU
		{EFAE8B60-30FA-753E-2D7A-24AFF6AE384A}.Release|Any CPU.Build.0 = Release|Any CPU
		{F35A7A7D-1996-817D-ABBA-77E26FC672A4}.Debug|Any CPU.ActiveCfg = Debug|Any CPU
		{F35A7A7D-1996-817D-ABBA-77E26FC672A4}.Debug|Any CPU.Build.0 = Debug|Any CPU
		{F35A7A7D-1996-817D-ABBA-77E26FC672A4}.Release|Any CPU.ActiveCfg = Release|Any CPU
		{F35A7A7D-1996-817D-ABBA-77E26FC672A4}.Release|Any CPU.Build.0 = Release|Any CPU
		{916FD521-17A9-EAA6-06F9-C7831AD1AF9E}.Debug|Any CPU.ActiveCfg = Debug|Any CPU
		{916FD521-17A9-EAA6-06F9-C7831AD1AF9E}.Debug|Any CPU.Build.0 = Debug|Any CPU
		{916FD521-17A9-EAA6-06F9-C7831AD1AF9E}.Release|Any CPU.ActiveCfg = Release|Any CPU
		{916FD521-17A9-EAA6-06F9-C7831AD1AF9E}.Release|Any CPU.Build.0 = Release|Any CPU
		{C7440B01-72F3-8330-FACA-205A8103B55F}.Debug|Any CPU.ActiveCfg = Debug|Any CPU
		{C7440B01-72F3-8330-FACA-205A8103B55F}.Debug|Any CPU.Build.0 = Debug|Any CPU
		{C7440B01-72F3-8330-FACA-205A8103B55F}.Release|Any CPU.ActiveCfg = Release|Any CPU
		{C7440B01-72F3-8330-FACA-205A8103B55F}.Release|Any CPU.Build.0 = Release|Any CPU
	EndGlobalSection
	GlobalSection(SolutionProperties) = preSolution
		HideSolutionNode = FALSE
	EndGlobalSection
EndGlobal
